
Microsoft Visual Studio Solution File, Format Version 12.00
# Visual Studio Version 17
VisualStudioVersion = 17.14.36127.28 d17.14
MinimumVisualStudioVersion = 10.0.40219.1
Project("{FAE04EC0-301F-11D3-BF4B-00C04F79EFBC}") = "Api_Yandex_True", "Api_Yandex_True.csproj", "{90354BAA-5C98-48DA-A6D6-2C64A24C1101}"
EndProject
Global
	GlobalSection(SolutionConfigurationPlatforms) = preSolution
		Debug|Any CPU = Debug|Any CPU
		Release|Any CPU = Release|Any CPU
	EndGlobalSection
	GlobalSection(ProjectConfigurationPlatforms) = postSolution
		{90354BAA-5C98-48DA-A6D6-2C64A24C1101}.Debug|Any CPU.ActiveCfg = Debug|Any CPU
		{90354BAA-5C98-48DA-A6D6-2C64A24C1101}.Debug|Any CPU.Build.0 = Debug|Any CPU
		{90354BAA-5C98-48DA-A6D6-2C64A24C1101}.Release|Any CPU.ActiveCfg = Release|Any CPU
		{90354BAA-5C98-48DA-A6D6-2C64A24C1101}.Release|Any CPU.Build.0 = Release|Any CPU
	EndGlobalSection
	GlobalSection(SolutionProperties) = preSolution
		HideSolutionNode = FALSE
	EndGlobalSection
	GlobalSection(ExtensibilityGlobals) = postSolution
		SolutionGuid = {6EF5D553-B69D-4903-8828-DF7384AB4A46}
	EndGlobalSection
EndGlobal
